
Microsoft Visual Studio Solution File, Format Version 12.00
# Visual Studio 15
VisualStudioVersion = 15.0.28307.1022
MinimumVisualStudioVersion = 10.0.40219.1
Project("{9A19103F-16F7-4668-BE54-9A1E7A4F7556}") = "BglWeather.Web", "BglWeather.Web\BglWeather.Web.csproj", "{98D6778C-C0AF-4FA3-B4C2-EA24255B654A}"
EndProject
Project("{9A19103F-16F7-4668-BE54-9A1E7A4F7556}") = "BglWeather.Domain", "BglWeather.Domain\BglWeather.Domain.csproj", "{EE8639AA-D69E-4718-847C-B2C3E3BEA38B}"
EndProject
Project("{FAE04EC0-301F-11D3-BF4B-00C04F79EFBC}") = "BglWeather.Common", "BglWeather.Common\BglWeather.Common.csproj", "{42055E9F-6978-43BE-B6F0-D43F3E435424}"
EndProject
Project("{FAE04EC0-301F-11D3-BF4B-00C04F79EFBC}") = "BglWeather.Tests", "BglWeather.Tests\BglWeather.Tests.csproj", "{2D3CB2B9-E835-43C4-8A46-6AB5643BB3AB}"
EndProject
Global
	GlobalSection(SolutionConfigurationPlatforms) = preSolution
		Debug|Any CPU = Debug|Any CPU
		Release|Any CPU = Release|Any CPU
	EndGlobalSection
	GlobalSection(ProjectConfigurationPlatforms) = postSolution
		{98D6778C-C0AF-4FA3-B4C2-EA24255B654A}.Debug|Any CPU.ActiveCfg = Debug|Any CPU
		{98D6778C-C0AF-4FA3-B4C2-EA24255B654A}.Debug|Any CPU.Build.0 = Debug|Any CPU
		{98D6778C-C0AF-4FA3-B4C2-EA24255B654A}.Release|Any CPU.ActiveCfg = Release|Any CPU
		{98D6778C-C0AF-4FA3-B4C2-EA24255B654A}.Release|Any CPU.Build.0 = Release|Any CPU
		{EE8639AA-D69E-4718-847C-B2C3E3BEA38B}.Debug|Any CPU.ActiveCfg = Debug|Any CPU
		{EE8639AA-D69E-4718-847C-B2C3E3BEA38B}.Debug|Any CPU.Build.0 = Debug|Any CPU
		{EE8639AA-D69E-4718-847C-B2C3E3BEA38B}.Release|Any CPU.ActiveCfg = Release|Any CPU
		{EE8639AA-D69E-4718-847C-B2C3E3BEA38B}.Release|Any CPU.Build.0 = Release|Any CPU
		{42055E9F-6978-43BE-B6F0-D43F3E435424}.Debug|Any CPU.ActiveCfg = Debug|Any CPU
		{42055E9F-6978-43BE-B6F0-D43F3E435424}.Debug|Any CPU.Build.0 = Debug|Any CPU
		{42055E9F-6978-43BE-B6F0-D43F3E435424}.Release|Any CPU.ActiveCfg = Release|Any CPU
		{42055E9F-6978-43BE-B6F0-D43F3E435424}.Release|Any CPU.Build.0 = Release|Any CPU
		{2D3CB2B9-E835-43C4-8A46-6AB5643BB3AB}.Debug|Any CPU.ActiveCfg = Debug|Any CPU
		{2D3CB2B9-E835-43C4-8A46-6AB5643BB3AB}.Debug|Any CPU.Build.0 = Debug|Any CPU
		{2D3CB2B9-E835-43C4-8A46-6AB5643BB3AB}.Release|Any CPU.ActiveCfg = Release|Any CPU
		{2D3CB2B9-E835-43C4-8A46-6AB5643BB3AB}.Release|Any CPU.Build.0 = Release|Any CPU
	EndGlobalSection
	GlobalSection(SolutionProperties) = preSolution
		HideSolutionNode = FALSE
	EndGlobalSection
	GlobalSection(ExtensibilityGlobals) = postSolution
		SolutionGuid = {C1719584-8B62-4034-9F69-6E587FF57DD0}
	EndGlobalSection
EndGlobal
